
Microsoft Visual Studio Solution File, Format Version 12.00
# Visual Studio 15
VisualStudioVersion = 15.0.28307.271
MinimumVisualStudioVersion = 10.0.40219.1
Project("{FAE04EC0-301F-11D3-BF4B-00C04F79EFBC}") = "Threads", "Threads\Threads.csproj", "{24CFD885-1DCE-48DA-99E7-C804860F0AFC}"
EndProject
Global
	GlobalSection(SolutionConfigurationPlatforms) = preSolution
		Debug|Any CPU = Debug|Any CPU
		Release|Any CPU = Release|Any CPU
	EndGlobalSection
	GlobalSection(ProjectConfigurationPlatforms) = postSolution
		{24CFD885-1DCE-48DA-99E7-C804860F0AFC}.Debug|Any CPU.ActiveCfg = Debug|Any CPU
		{24CFD885-1DCE-48DA-99E7-C804860F0AFC}.Debug|Any CPU.Build.0 = Debug|Any CPU
		{24CFD885-1DCE-48DA-99E7-C804860F0AFC}.Release|Any CPU.ActiveCfg = Release|Any CPU
		{24CFD885-1DCE-48DA-99E7-C804860F0AFC}.Release|Any CPU.Build.0 = Release|Any CPU
	EndGlobalSection
	GlobalSection(SolutionProperties) = preSolution
		HideSolutionNode = FALSE
	EndGlobalSection
	GlobalSection(ExtensibilityGlobals) = postSolution
		SolutionGuid = {76719B94-C272-4957-8722-248B5D51036C}
	EndGlobalSection
EndGlobal
