
Microsoft Visual Studio Solution File, Format Version 12.00
# Visual Studio 15
VisualStudioVersion = 15.0.28307.421
MinimumVisualStudioVersion = 10.0.40219.1
Project("{FAE04EC0-301F-11D3-BF4B-00C04F79EFBC}") = "ThreadPool2", "ThreadPool2\ThreadPool2.csproj", "{7105C1CE-3D57-4C74-9A5B-0505EF913370}"
EndProject
Global
	GlobalSection(SolutionConfigurationPlatforms) = preSolution
		Debug|Any CPU = Debug|Any CPU
		Release|Any CPU = Release|Any CPU
	EndGlobalSection
	GlobalSection(ProjectConfigurationPlatforms) = postSolution
		{7105C1CE-3D57-4C74-9A5B-0505EF913370}.Debug|Any CPU.ActiveCfg = Debug|Any CPU
		{7105C1CE-3D57-4C74-9A5B-0505EF913370}.Debug|Any CPU.Build.0 = Debug|Any CPU
		{7105C1CE-3D57-4C74-9A5B-0505EF913370}.Release|Any CPU.ActiveCfg = Release|Any CPU
		{7105C1CE-3D57-4C74-9A5B-0505EF913370}.Release|Any CPU.Build.0 = Release|Any CPU
	EndGlobalSection
	GlobalSection(SolutionProperties) = preSolution
		HideSolutionNode = FALSE
	EndGlobalSection
	GlobalSection(ExtensibilityGlobals) = postSolution
		SolutionGuid = {6C9F1B7D-204E-48B8-9369-F464F10B2BE6}
	EndGlobalSection
EndGlobal
