
Microsoft Visual Studio Solution File, Format Version 12.00
# Visual Studio 15
VisualStudioVersion = 15.0.28307.271
MinimumVisualStudioVersion = 10.0.40219.1
Project("{FAE04EC0-301F-11D3-BF4B-00C04F79EFBC}") = "ThreadLock", "ThreadLock\ThreadLock.csproj", "{3BF98951-E2B0-4F5A-BD64-B8333EBFB829}"
EndProject
Global
	GlobalSection(SolutionConfigurationPlatforms) = preSolution
		Debug|Any CPU = Debug|Any CPU
		Release|Any CPU = Release|Any CPU
	EndGlobalSection
	GlobalSection(ProjectConfigurationPlatforms) = postSolution
		{3BF98951-E2B0-4F5A-BD64-B8333EBFB829}.Debug|Any CPU.ActiveCfg = Debug|Any CPU
		{3BF98951-E2B0-4F5A-BD64-B8333EBFB829}.Debug|Any CPU.Build.0 = Debug|Any CPU
		{3BF98951-E2B0-4F5A-BD64-B8333EBFB829}.Release|Any CPU.ActiveCfg = Release|Any CPU
		{3BF98951-E2B0-4F5A-BD64-B8333EBFB829}.Release|Any CPU.Build.0 = Release|Any CPU
	EndGlobalSection
	GlobalSection(SolutionProperties) = preSolution
		HideSolutionNode = FALSE
	EndGlobalSection
	GlobalSection(ExtensibilityGlobals) = postSolution
		SolutionGuid = {EAF4E992-612D-4284-9934-9AA1EDE4FD69}
	EndGlobalSection
EndGlobal
