
Microsoft Visual Studio Solution File, Format Version 12.00
# Visual Studio 15
VisualStudioVersion = 15.0.28307.421
MinimumVisualStudioVersion = 10.0.40219.1
Project("{FAE04EC0-301F-11D3-BF4B-00C04F79EFBC}") = "Baboon Problem", "Baboon Problem\Baboon Problem.csproj", "{707978A0-84FE-43B5-A292-78FB44D12D91}"
EndProject
Global
	GlobalSection(SolutionConfigurationPlatforms) = preSolution
		Debug|Any CPU = Debug|Any CPU
		Release|Any CPU = Release|Any CPU
	EndGlobalSection
	GlobalSection(ProjectConfigurationPlatforms) = postSolution
		{707978A0-84FE-43B5-A292-78FB44D12D91}.Debug|Any CPU.ActiveCfg = Debug|Any CPU
		{707978A0-84FE-43B5-A292-78FB44D12D91}.Debug|Any CPU.Build.0 = Debug|Any CPU
		{707978A0-84FE-43B5-A292-78FB44D12D91}.Release|Any CPU.ActiveCfg = Release|Any CPU
		{707978A0-84FE-43B5-A292-78FB44D12D91}.Release|Any CPU.Build.0 = Release|Any CPU
	EndGlobalSection
	GlobalSection(SolutionProperties) = preSolution
		HideSolutionNode = FALSE
	EndGlobalSection
	GlobalSection(ExtensibilityGlobals) = postSolution
		SolutionGuid = {0D4643FA-666F-4A1B-9917-5F9D8A9B238F}
	EndGlobalSection
EndGlobal
